github.com/OneOfOne/xxhash v1.2.2/go.mod h1:HSdplMjZKSmBqAxg5vPj2TmRDmfkzw+cTzAElWljhcU=
github.com/cespare/xxhash v1.1.0 h1:a6HrQnmkObjyL+Gs60czilIUGqrzKutQD6XZog3p+ko=
github.com/cespare/xxhash v1.1.0/go.mod h1:XrSqR1VqqWfGrhpAt58auRo0WTKS1nRRg3ghfAqPWnc=
github.com/dgraph-io/ristretto v0.0.0-20191010170704-2ba187ef9534 h1:9G6fVccQriMJu4nXwpwLDoy9y31t/KUSLAbPcoBgv+4=
github.com/dgraph-io/ristretto v0.0.0-20191010170704-2ba187ef9534/go.mod h1:edzKIzGvqUCMzhTVWbiTSe75zD9Xxq0GtSBtFmaUTZs=
github.com/dgraph-io/ristretto v0.0.0-20191025175511-c1f00be0418e h1:aeUNgwup7PnDOBAD1BOKAqzb/W/NksOj6r3dwKKuqfg=
github.com/dgraph-io/ristretto v0.0.0-20191025175511-c1f00be0418e/go.mod h1:edzKIzGvqUCMzhTVWbiTSe75zD9Xxq0GtSBtFmaUTZs=
github.com/dgraph-io/ristretto v0.0.0-20191106054232-1dd5a4de16b5 h1:pNuleeGdjsgZ2tVP27B1QT4QekFIA58UpMY5vQkMfIk=
github.com/dgraph-io/ristretto v0.0.0-20191106054232-1dd5a4de16b5/go.mod h1:edzKIzGvqUCMzhTVWbiTSe75zD9Xxq0GtSBtFmaUTZs=
github.com/dgraph-io/ristretto v0.0.1 h1:cJwdnj42uV8Jg4+KLrYovLiCgIfz9wtWm6E6KA+1tLs=
github.com/dgraph-io/ristretto v0.0.1/go.mod h1:T40EBc7CJke8TkpiYfGGKAeFjSaxuFXhuXRyumBd6RE=
github.com/dgryski/go-farm v0.0.0-20190423205320-6a90982ecee2/go.mod h1:SqUrOPUnsFjfmXRMNPybcSiG0BgUW2AuFH8PAnS2iTw=
github.com/golang/snappy v0.0.1 h1:Qgr9rKW7uDUkrbSmQeiDsGa8SjGyCOGtuasMWwvp2P4=
github.com/golang/snappy v0.0.1/go.mod h1:/XxbfmMg8lxefKM7IXC3fBNl/7bRcc72aCRzEWrmP2Q=
github.com/hashicorp/golang-lru v0.5.3 h1:YPkqC67at8FYaadspW/6uE0COsBxS2656RLEr8Bppgk=
github.com/hashicorp/golang-lru v0.5.3/go.mod h1:iADmTwqILo4mZ8BN3D2Q6+9jd8WM5uGBxy+E8yxSoD4=
github.com/spaolacci/murmur3 v0.0.0-20180118202830-f09979ecbc72/go.mod h1:JwIasOWyU6f++ZhiEuf87xNszmSA2myDM2Kzu9HwQUA=
